
Microsoft Visual Studio Solution File, Format Version 12.00
# Visual Studio Version 17
VisualStudioVersion = 17.3.32819.101
MinimumVisualStudioVersion = 10.0.40219.1
Project("{FAE04EC0-301F-11D3-BF4B-00C04F79EFBC}") = "ProdutoAPI", "ProdutoAPI\ProdutoAPI.csproj", "{34772DD0-A414-4FEE-98BF-DB0BF0C0A009}"
EndProject
Global
	GlobalSection(SolutionConfigurationPlatforms) = preSolution
		Debug|Any CPU = Debug|Any CPU
		Release|Any CPU = Release|Any CPU
	EndGlobalSection
	GlobalSection(ProjectConfigurationPlatforms) = postSolution
		{34772DD0-A414-4FEE-98BF-DB0BF0C0A009}.Debug|Any CPU.ActiveCfg = Debug|Any CPU
		{34772DD0-A414-4FEE-98BF-DB0BF0C0A009}.Debug|Any CPU.Build.0 = Debug|Any CPU
		{34772DD0-A414-4FEE-98BF-DB0BF0C0A009}.Release|Any CPU.ActiveCfg = Release|Any CPU
		{34772DD0-A414-4FEE-98BF-DB0BF0C0A009}.Release|Any CPU.Build.0 = Release|Any CPU
	EndGlobalSection
	GlobalSection(SolutionProperties) = preSolution
		HideSolutionNode = FALSE
	EndGlobalSection
	GlobalSection(ExtensibilityGlobals) = postSolution
		SolutionGuid = {3D9584DD-DC2D-408B-BAA8-4EAA14D53470}
	EndGlobalSection
EndGlobal
